# This file is automatically @generated by Poetry 2.0.1 and should not be changed by hand.

[[package]]
name = "grpcio"
version = "1.69.0"
description = "HTTP/2-based RPC framework"
optional = false
python-versions = ">=3.8"
groups = ["main"]
files = [
    {file = "grpcio-1.69.0-cp310-cp310-linux_armv7l.whl", hash = "sha256:2060ca95a8db295ae828d0fc1c7f38fb26ccd5edf9aa51a0f44251f5da332e97"},
    {file = "grpcio-1.69.0-cp310-cp310-macosx_12_0_universal2.whl", hash = "sha256:2e52e107261fd8fa8fa457fe44bfadb904ae869d87c1280bf60f93ecd3e79278"},
    {file = "grpcio-1.69.0-cp310-cp310-manylinux_2_17_aarch64.whl", hash = "sha256:316463c0832d5fcdb5e35ff2826d9aa3f26758d29cdfb59a368c1d6c39615a11"},
    {file = "grpcio-1.69.0-cp310-cp310-manylinux_2_17_i686.manylinux2014_i686.whl", hash = "sha256:26c9a9c4ac917efab4704b18eed9082ed3b6ad19595f047e8173b5182fec0d5e"},
    {file = "grpcio-1.69.0-cp310-cp310-manylinux_2_17_x86_64.manylinux2014_x86_64.whl", hash = "sha256:90b3646ced2eae3a0599658eeccc5ba7f303bf51b82514c50715bdd2b109e5ec"},
    {file = "grpcio-1.69.0-cp310-cp310-musllinux_1_1_i686.whl", hash = "sha256:3b75aea7c6cb91b341c85e7c1d9db1e09e1dd630b0717f836be94971e015031e"},
    {file = "grpcio-1.69.0-cp310-cp310-musllinux_1_1_x86_64.whl", hash = "sha256:5cfd14175f9db33d4b74d63de87c64bb0ee29ce475ce3c00c01ad2a3dc2a9e51"},
    {file = "grpcio-1.69.0-cp310-cp310-win32.whl", hash = "sha256:9031069d36cb949205293cf0e243abd5e64d6c93e01b078c37921493a41b72dc"},
    {file = "grpcio-1.69.0-cp310-cp310-win_amd64.whl", hash = "sha256:cc89b6c29f3dccbe12d7a3b3f1b3999db4882ae076c1c1f6df231d55dbd767a5"},
    {file = "grpcio-1.69.0-cp311-cp311-linux_armv7l.whl", hash = "sha256:8de1b192c29b8ce45ee26a700044717bcbbd21c697fa1124d440548964328561"},
    {file = "grpcio-1.69.0-cp311-cp311-macosx_10_14_universal2.whl", hash = "sha256:7e76accf38808f5c5c752b0ab3fd919eb14ff8fafb8db520ad1cc12afff74de6"},
    {file = "grpcio-1.69.0-cp311-cp311-manylinux_2_17_aarch64.whl", hash = "sha256:d5658c3c2660417d82db51e168b277e0ff036d0b0f859fa7576c0ffd2aec1442"},
    {file = "grpcio-1.69.0-cp311-cp311-manylinux_2_17_i686.manylinux2014_i686.whl", hash = "sha256:5494d0e52bf77a2f7eb17c6da662886ca0a731e56c1c85b93505bece8dc6cf4c"},
    {file = "grpcio-1.69.0-cp311-cp311-manylinux_2_17_x86_64.manylinux2014_x86_64.whl", hash = "sha256:4ed866f9edb574fd9be71bf64c954ce1b88fc93b2a4cbf94af221e9426eb14d6"},
    {file = "grpcio-1.69.0-cp311-cp311-musllinux_1_1_i686.whl", hash = "sha256:c5ba38aeac7a2fe353615c6b4213d1fbb3a3c34f86b4aaa8be08baaaee8cc56d"},
    {file = "grpcio-1.69.0-cp311-cp311-musllinux_1_1_x86_64.whl", hash = "sha256:f79e05f5bbf551c4057c227d1b041ace0e78462ac8128e2ad39ec58a382536d2"},
    {file = "grpcio-1.69.0-cp311-cp311-win32.whl", hash = "sha256:bf1f8be0da3fcdb2c1e9f374f3c2d043d606d69f425cd685110dd6d0d2d61258"},
    {file = "grpcio-1.69.0-cp311-cp311-win_amd64.whl", hash = "sha256:fb9302afc3a0e4ba0b225cd651ef8e478bf0070cf11a529175caecd5ea2474e7"},
    {file = "grpcio-1.69.0-cp312-cp312-linux_armv7l.whl", hash = "sha256:fc18a4de8c33491ad6f70022af5c460b39611e39578a4d84de0fe92f12d5d47b"},
    {file = "grpcio-1.69.0-cp312-cp312-macosx_10_14_universal2.whl", hash = "sha256:0f0270bd9ffbff6961fe1da487bdcd594407ad390cc7960e738725d4807b18c4"},
    {file = "grpcio-1.69.0-cp312-cp312-manylinux_2_17_aarch64.whl", hash = "sha256:dc48f99cc05e0698e689b51a05933253c69a8c8559a47f605cff83801b03af0e"},
    {file = "grpcio-1.69.0-cp312-cp312-manylinux_2_17_i686.manylinux2014_i686.whl", hash = "sha256:1e925954b18d41aeb5ae250262116d0970893b38232689c4240024e4333ac084"},
    {file = "grpcio-1.69.0-cp312-cp312-manylinux_2_17_x86_64.manylinux2014_x86_64.whl", hash = "sha256:87d222569273720366f68a99cb62e6194681eb763ee1d3b1005840678d4884f9"},
    {file = "grpcio-1.69.0-cp312-cp312-musllinux_1_1_i686.whl", hash = "sha256:b62b0f41e6e01a3e5082000b612064c87c93a49b05f7602fe1b7aa9fd5171a1d"},
    {file = "grpcio-1.69.0-cp312-cp312-musllinux_1_1_x86_64.whl", hash = "sha256:db6f9fd2578dbe37db4b2994c94a1d9c93552ed77dca80e1657bb8a05b898b55"},
    {file = "grpcio-1.69.0-cp312-cp312-win32.whl", hash = "sha256:b192b81076073ed46f4b4dd612b8897d9a1e39d4eabd822e5da7b38497ed77e1"},
    {file = "grpcio-1.69.0-cp312-cp312-win_amd64.whl", hash = "sha256:1227ff7836f7b3a4ab04e5754f1d001fa52a730685d3dc894ed8bc262cc96c01"},
    {file = "grpcio-1.69.0-cp313-cp313-linux_armv7l.whl", hash = "sha256:a78a06911d4081a24a1761d16215a08e9b6d4d29cdbb7e427e6c7e17b06bcc5d"},
    {file = "grpcio-1.69.0-cp313-cp313-macosx_10_14_universal2.whl", hash = "sha256:dc5a351927d605b2721cbb46158e431dd49ce66ffbacb03e709dc07a491dde35"},
    {file = "grpcio-1.69.0-cp313-cp313-manylinux_2_17_aarch64.whl", hash = "sha256:3629d8a8185f5139869a6a17865d03113a260e311e78fbe313f1a71603617589"},
    {file = "grpcio-1.69.0-cp313-cp313-manylinux_2_17_i686.manylinux2014_i686.whl", hash = "sha256:c9a281878feeb9ae26db0622a19add03922a028d4db684658f16d546601a4870"},
    {file = "grpcio-1.69.0-cp313-cp313-manylinux_2_17_x86_64.manylinux2014_x86_64.whl", hash = "sha256:8cc614e895177ab7e4b70f154d1a7c97e152577ea101d76026d132b7aaba003b"},
    {file = "grpcio-1.69.0-cp313-cp313-musllinux_1_1_i686.whl", hash = "sha256:1ee76cd7e2e49cf9264f6812d8c9ac1b85dda0eaea063af07292400f9191750e"},
    {file = "grpcio-1.69.0-cp313-cp313-musllinux_1_1_x86_64.whl", hash = "sha256:0470fa911c503af59ec8bc4c82b371ee4303ececbbdc055f55ce48e38b20fd67"},
    {file = "grpcio-1.69.0-cp313-cp313-win32.whl", hash = "sha256:b650f34aceac8b2d08a4c8d7dc3e8a593f4d9e26d86751ebf74ebf5107d927de"},
    {file = "grpcio-1.69.0-cp313-cp313-win_amd64.whl", hash = "sha256:028337786f11fecb5d7b7fa660475a06aabf7e5e52b5ac2df47414878c0ce7ea"},
    {file = "grpcio-1.69.0-cp38-cp38-linux_armv7l.whl", hash = "sha256:b7f693db593d6bf285e015d5538bf1c86cf9c60ed30b6f7da04a00ed052fe2f3"},
    {file = "grpcio-1.69.0-cp38-cp38-macosx_10_14_universal2.whl", hash = "sha256:8b94e83f66dbf6fd642415faca0608590bc5e8d30e2c012b31d7d1b91b1de2fd"},
    {file = "grpcio-1.69.0-cp38-cp38-manylinux_2_17_aarch64.whl", hash = "sha256:b634851b92c090763dde61df0868c730376cdb73a91bcc821af56ae043b09596"},
    {file = "grpcio-1.69.0-cp38-cp38-manylinux_2_17_i686.manylinux2014_i686.whl", hash = "sha256:bf5f680d3ed08c15330d7830d06bc65f58ca40c9999309517fd62880d70cb06e"},
    {file = "grpcio-1.69.0-cp38-cp38-manylinux_2_17_x86_64.manylinux2014_x86_64.whl", hash = "sha256:200e48a6e7b00f804cf00a1c26292a5baa96507c7749e70a3ec10ca1a288936e"},
    {file = "grpcio-1.69.0-cp38-cp38-musllinux_1_1_i686.whl", hash = "sha256:45a4704339b6e5b24b0e136dea9ad3815a94f30eb4f1e1d44c4ac484ef11d8dd"},
    {file = "grpcio-1.69.0-cp38-cp38-musllinux_1_1_x86_64.whl", hash = "sha256:85d347cb8237751b23539981dbd2d9d8f6e9ff90082b427b13022b948eb6347a"},
    {file = "grpcio-1.69.0-cp38-cp38-win32.whl", hash = "sha256:60e5de105dc02832dc8f120056306d0ef80932bcf1c0e2b4ca3b676de6dc6505"},
    {file = "grpcio-1.69.0-cp38-cp38-win_amd64.whl", hash = "sha256:282f47d0928e40f25d007f24eb8fa051cb22551e3c74b8248bc9f9bea9c35fe0"},
    {file = "grpcio-1.69.0-cp39-cp39-linux_armv7l.whl", hash = "sha256:dd034d68a2905464c49479b0c209c773737a4245d616234c79c975c7c90eca03"},
    {file = "grpcio-1.69.0-cp39-cp39-macosx_10_14_universal2.whl", hash = "sha256:01f834732c22a130bdf3dc154d1053bdbc887eb3ccb7f3e6285cfbfc33d9d5cc"},
    {file = "grpcio-1.69.0-cp39-cp39-manylinux_2_17_aarch64.whl", hash = "sha256:a7f4ed0dcf202a70fe661329f8874bc3775c14bb3911d020d07c82c766ce0eb1"},
    {file = "grpcio-1.69.0-cp39-cp39-manylinux_2_17_i686.manylinux2014_i686.whl", hash = "sha256:cd7ea241b10bc5f0bb0f82c0d7896822b7ed122b3ab35c9851b440c1ccf81588"},
    {file = "grpcio-1.69.0-cp39-cp39-manylinux_2_17_x86_64.manylinux2014_x86_64.whl", hash = "sha256:1f03dc9b4da4c0dc8a1db7a5420f575251d7319b7a839004d8916257ddbe4816"},
    {file = "grpcio-1.69.0-cp39-cp39-musllinux_1_1_i686.whl", hash = "sha256:ca71d73a270dff052fe4edf74fef142d6ddd1f84175d9ac4a14b7280572ac519"},
    {file = "grpcio-1.69.0-cp39-cp39-musllinux_1_1_x86_64.whl", hash = "sha256:5ccbed100dc43704e94ccff9e07680b540d64e4cc89213ab2832b51b4f68a520"},
    {file = "grpcio-1.69.0-cp39-cp39-win32.whl", hash = "sha256:1514341def9c6ec4b7f0b9628be95f620f9d4b99331b7ef0a1845fd33d9b579c"},
    {file = "grpcio-1.69.0-cp39-cp39-win_amd64.whl", hash = "sha256:c1fea55d26d647346acb0069b08dca70984101f2dc95066e003019207212e303"},
    {file = "grpcio-1.69.0.tar.gz", hash = "sha256:936fa44241b5379c5afc344e1260d467bee495747eaf478de825bab2791da6f5"},
]

[package.extras]
protobuf = ["grpcio-tools (>=1.69.0)"]

[[package]]
name = "grpcio-tools"
version = "1.69.0"
description = "Protobuf code generator for gRPC"
optional = false
python-versions = ">=3.8"
groups = ["main"]
files = [
    {file = "grpcio_tools-1.69.0-cp310-cp310-linux_armv7l.whl", hash = "sha256:8c210630faa581c3bd08953dac4ad21a7f49862f3b92d69686e9b436d2f1265d"},
    {file = "grpcio_tools-1.69.0-cp310-cp310-macosx_12_0_universal2.whl", hash = "sha256:09b66ea279fcdaebae4ec34b1baf7577af3b14322738aa980c1c33cfea71f7d7"},
    {file = "grpcio_tools-1.69.0-cp310-cp310-manylinux_2_17_aarch64.whl", hash = "sha256:be94a4bfa56d356aae242cc54072c9ccc2704b659eaae2fd599a94afebf791ce"},
    {file = "grpcio_tools-1.69.0-cp310-cp310-manylinux_2_17_i686.manylinux2014_i686.whl", hash = "sha256:28778debad73a8c8e0a0e07e6a2f76eecce43adbc205d17dd244d2d58bb0f0aa"},
    {file = "grpcio_tools-1.69.0-cp310-cp310-manylinux_2_17_x86_64.manylinux2014_x86_64.whl", hash = "sha256:449308d93e4c97ae3a4503510c6d64978748ff5e21429c85da14fdc783c0f498"},
    {file = "grpcio_tools-1.69.0-cp310-cp310-musllinux_1_1_i686.whl", hash = "sha256:b9343651e73bc6e0df6bb518c2638bf9cc2194b50d060cdbcf1b2121cd4e4ae3"},
    {file = "grpcio_tools-1.69.0-cp310-cp310-musllinux_1_1_x86_64.whl", hash = "sha256:2f08b063612553e726e328aef3a27adfaea8d92712b229012afc54d59da88a02"},
    {file = "grpcio_tools-1.69.0-cp310-cp310-win32.whl", hash = "sha256:599ffd39525e7bbb6412a63e56a2e6c1af8f3493fe4305260efd4a11d064cce0"},
    {file = "grpcio_tools-1.69.0-cp310-cp310-win_amd64.whl", hash = "sha256:02f92e3c2bae67ece818787f8d3d89df0fa1e5e6bbb7c1493824fd5dfad886dd"},
    {file = "grpcio_tools-1.69.0-cp311-cp311-linux_armv7l.whl", hash = "sha256:c18df5d1c8e163a29863583ec51237d08d7059ef8d4f7661ee6d6363d3e38fe3"},
    {file = "grpcio_tools-1.69.0-cp311-cp311-macosx_10_14_universal2.whl", hash = "sha256:37876ae49235ef2e61e5059faf45dc5e7142ca54ae61aec378bb9483e0cd7e95"},
    {file = "grpcio_tools-1.69.0-cp311-cp311-manylinux_2_17_aarch64.whl", hash = "sha256:33120920e29959eaa37a1268c6a22af243d086b1a5e5222b4203e29560ece9ce"},
    {file = "grpcio_tools-1.69.0-cp311-cp311-manylinux_2_17_i686.manylinux2014_i686.whl", hash = "sha256:788bb3ecd1b44664d829d319b3c1ebc15c7d7b5e7d1f22706ab57d6acd2c6301"},
    {file = "grpcio_tools-1.69.0-cp311-cp311-manylinux_2_17_x86_64.manylinux2014_x86_64.whl", hash = "sha256:f453b11a112e3774c8957ec2570669f3da1f7fbc8ee242482c38981496e88da2"},
    {file = "grpcio_tools-1.69.0-cp311-cp311-musllinux_1_1_i686.whl", hash = "sha256:7e5c5dc2b656755cb58b11a7e87b65258a4a8eaff01b6c30ffcb230dd447c03d"},
    {file = "grpcio_tools-1.69.0-cp311-cp311-musllinux_1_1_x86_64.whl", hash = "sha256:8eabf0a7a98c14322bc74f9910c96f98feebe311e085624b2d022924d4f652ca"},
    {file = "grpcio_tools-1.69.0-cp311-cp311-win32.whl", hash = "sha256:ad567bea43d018c2215e1db10316eda94ca19229a834a3221c15d132d24c1b8a"},
    {file = "grpcio_tools-1.69.0-cp311-cp311-win_amd64.whl", hash = "sha256:3d64e801586dbea3530f245d48b9ed031738cc3eb099d5ce2fdb1b3dc2e1fb20"},
    {file = "grpcio_tools-1.69.0-cp312-cp312-linux_armv7l.whl", hash = "sha256:8ef8efe8beac4cc1e30d41893e4096ca2601da61001897bd17441645de2d4d3c"},
    {file = "grpcio_tools-1.69.0-cp312-cp312-macosx_10_14_universal2.whl", hash = "sha256:a00e87a0c5a294028115a098819899b08dd18449df5b2aac4a2b87ba865e8681"},
    {file = "grpcio_tools-1.69.0-cp312-cp312-manylinux_2_17_aarch64.whl", hash = "sha256:7722700346d5b223159532e046e51f2ff743ed4342e5fe3e0457120a4199015e"},
    {file = "grpcio_tools-1.69.0-cp312-cp312-manylinux_2_17_i686.manylinux2014_i686.whl", hash = "sha256:a934116fdf202cb675246056ee54645c743e2240632f86a37e52f91a405c7143"},
    {file = "grpcio_tools-1.69.0-cp312-cp312-manylinux_2_17_x86_64.manylinux2014_x86_64.whl", hash = "sha256:7e6a6d44359ca836acfbc58103daf94b3bb8ac919d659bb348dcd7fbecedc293"},
    {file = "grpcio_tools-1.69.0-cp312-cp312-musllinux_1_1_i686.whl", hash = "sha256:e27662c0597fd1ab5399a583d358b5203edcb6fc2b29d6245099dfacd51a6ddc"},
    {file = "grpcio_tools-1.69.0-cp312-cp312-musllinux_1_1_x86_64.whl", hash = "sha256:7bbb2b2fb81d95bcdd1d8331defb5f5dc256dbe423bb98b682cf129cdd432366"},
    {file = "grpcio_tools-1.69.0-cp312-cp312-win32.whl", hash = "sha256:e11accd10cf4af5031ac86c45f1a13fb08f55e005cea070917c12e78fe6d2aa2"},
    {file = "grpcio_tools-1.69.0-cp312-cp312-win_amd64.whl", hash = "sha256:6df4c6ac109af338a8ccde29d184e0b0bdab13d78490cb360ff9b192a1aec7e2"},
    {file = "grpcio_tools-1.69.0-cp313-cp313-linux_armv7l.whl", hash = "sha256:8c320c4faa1431f2e1252ef2325a970ac23b2fd04ffef6c12f96dd4552c3445c"},
    {file = "grpcio_tools-1.69.0-cp313-cp313-macosx_10_14_universal2.whl", hash = "sha256:5f1224596ad74dd14444b20c37122b361c5d203b67e14e018b995f3c5d76eede"},
    {file = "grpcio_tools-1.69.0-cp313-cp313-manylinux_2_17_aarch64.whl", hash = "sha256:965a0cf656a113bc32d15ac92ca51ed702a75d5370ae0afbdd36f818533a708a"},
    {file = "grpcio_tools-1.69.0-cp313-cp313-manylinux_2_17_i686.manylinux2014_i686.whl", hash = "sha256:978835768c11a7f28778b3b7c40f839d8a57f765c315e80c4246c23900d56149"},
    {file = "grpcio_tools-1.69.0-cp313-cp313-manylinux_2_17_x86_64.manylinux2014_x86_64.whl", hash = "sha256:094c7cec9bd271a32dfb7c620d4a558c63fcb0122fd1651b9ed73d6afd4ae6fe"},
    {file = "grpcio_tools-1.69.0-cp313-cp313-musllinux_1_1_i686.whl", hash = "sha256:b51bf4981b3d7e47c2569efadff08284787124eb3dea0f63f491d39703231d3c"},
    {file = "grpcio_tools-1.69.0-cp313-cp313-musllinux_1_1_x86_64.whl", hash = "sha256:ea7aaf0dc1a828e2133357a9e9553fd1bb4e766890d52a506cc132e40632acdc"},
    {file = "grpcio_tools-1.69.0-cp313-cp313-win32.whl", hash = "sha256:4320f11b79d3a148cc23bad1b81719ce1197808dc2406caa8a8ba0a5cfb0260d"},
    {file = "grpcio_tools-1.69.0-cp313-cp313-win_amd64.whl", hash = "sha256:e9bae733654e0eb8ca83aa1d0d6b6c2f4a3525ce70d5ffc07df68d28f6520137"},
    {file = "grpcio_tools-1.69.0-cp38-cp38-linux_armv7l.whl", hash = "sha256:c78d3a7d9ba4292ba7abcc43430df426fc805e79a1dcd147509af0668332885b"},
    {file = "grpcio_tools-1.69.0-cp38-cp38-macosx_10_14_universal2.whl", hash = "sha256:497bdaa996a4de70f643c008a08813b4d20e114de50a384ae5e29d849c24c9c8"},
    {file = "grpcio_tools-1.69.0-cp38-cp38-manylinux_2_17_aarch64.whl", hash = "sha256:aea33dd5a07a3b250b02a1b3f435e86d4abc94936b3ce634a2d70bc224189495"},
    {file = "grpcio_tools-1.69.0-cp38-cp38-manylinux_2_17_i686.manylinux2014_i686.whl", hash = "sha256:0d3101c8d6f890f9d978e400843cc29992c5e03ae74f359e73dade09f2469a08"},
    {file = "grpcio_tools-1.69.0-cp38-cp38-manylinux_2_17_x86_64.manylinux2014_x86_64.whl", hash = "sha256:1163ba3f829141206dce1ceb67cfca73b57d279cd7183f188276443700a4980e"},
    {file = "grpcio_tools-1.69.0-cp38-cp38-musllinux_1_1_i686.whl", hash = "sha256:a85785058c31bac3d0b26c158b576eed536e4ce1af72c1d05a3518e745d44aac"},
    {file = "grpcio_tools-1.69.0-cp38-cp38-musllinux_1_1_x86_64.whl", hash = "sha256:4ee934bbe8aa8035eea2711c12a6e537ab4c4a35a6d742ccf34bfa3a0492f412"},
    {file = "grpcio_tools-1.69.0-cp38-cp38-win32.whl", hash = "sha256:808d1b963bda8ca3c9f55cb8aa051ed2f2c98cc1fb89f79b4f67e8218580f8f3"},
    {file = "grpcio_tools-1.69.0-cp38-cp38-win_amd64.whl", hash = "sha256:afa8cd6b93e4f607c3750a976a96f874830ec7dc5f408e0fac270d0464147024"},
    {file = "grpcio_tools-1.69.0-cp39-cp39-linux_armv7l.whl", hash = "sha256:01121b6570932bfb7d8b2ce2c0055dba902a415477079e249d85fe4494f72db2"},
    {file = "grpcio_tools-1.69.0-cp39-cp39-macosx_10_14_universal2.whl", hash = "sha256:9861e282aa7b3656c67e84d0c25ee0e9210b955e0ec2c64699b8f80483f90853"},
    {file = "grpcio_tools-1.69.0-cp39-cp39-manylinux_2_17_aarch64.whl", hash = "sha256:00adf628259e8c314a02ca1580d6a8b14eeef266f5dd5e15bf92c1efbbcf63c0"},
    {file = "grpcio_tools-1.69.0-cp39-cp39-manylinux_2_17_i686.manylinux2014_i686.whl", hash = "sha256:371d03ac31b76ba77d44bdba6a8560f344c6d1ed558babab64760da085e392b7"},
    {file = "grpcio_tools-1.69.0-cp39-cp39-manylinux_2_17_x86_64.manylinux2014_x86_64.whl", hash = "sha256:b6730414c01fe9027ba12538fd6e192e1bea94d5b819a1e03d15e89aab1b4573"},
    {file = "grpcio_tools-1.69.0-cp39-cp39-musllinux_1_1_i686.whl", hash = "sha256:5562a1b1b67deffd04fbb1bcf8f1634580538ce35895b77cdfaec1fb115efd95"},
    {file = "grpcio_tools-1.69.0-cp39-cp39-musllinux_1_1_x86_64.whl", hash = "sha256:9f8996efddc867134f22bbf8a368b1b2a018d0a9b0ac9d3185cfd81d1abd8066"},
    {file = "grpcio_tools-1.69.0-cp39-cp39-win32.whl", hash = "sha256:8f5959d8a453d613e7137831f6885b43b5c378ec317943b4ec599046baa97bfc"},
    {file = "grpcio_tools-1.69.0-cp39-cp39-win_amd64.whl", hash = "sha256:5d47abf7e0662dd5dbb9cc252c3616e5fbc5f71d34e3f6332cd24bcdf2940abd"},
    {file = "grpcio_tools-1.69.0.tar.gz", hash = "sha256:3e1a98f4d9decb84979e1ddd3deb09c0a33a84b6e3c0776d5bde4097e3ab66dd"},
]

[package.dependencies]
grpcio = ">=1.69.0"
protobuf = ">=5.26.1,<6.0dev"
setuptools = "*"

[[package]]
name = "numpy"
version = "2.2.1"
description = "Fundamental package for array computing in Python"
optional = false
python-versions = ">=3.10"
groups = ["main"]
files = [
    {file = "numpy-2.2.1-cp310-cp310-macosx_10_9_x86_64.whl", hash = "sha256:5edb4e4caf751c1518e6a26a83501fda79bff41cc59dac48d70e6d65d4ec4440"},
    {file = "numpy-2.2.1-cp310-cp310-macosx_11_0_arm64.whl", hash = "sha256:aa3017c40d513ccac9621a2364f939d39e550c542eb2a894b4c8da92b38896ab"},
    {file = "numpy-2.2.1-cp310-cp310-macosx_14_0_arm64.whl", hash = "sha256:61048b4a49b1c93fe13426e04e04fdf5a03f456616f6e98c7576144677598675"},
    {file = "numpy-2.2.1-cp310-cp310-macosx_14_0_x86_64.whl", hash = "sha256:7671dc19c7019103ca44e8d94917eba8534c76133523ca8406822efdd19c9308"},
    {file = "numpy-2.2.1-cp310-cp310-manylinux_2_17_aarch64.manylinux2014_aarch64.whl", hash = "sha256:4250888bcb96617e00bfa28ac24850a83c9f3a16db471eca2ee1f1714df0f957"},
    {file = "numpy-2.2.1-cp310-cp310-manylinux_2_17_x86_64.manylinux2014_x86_64.whl", hash = "sha256:a7746f235c47abc72b102d3bce9977714c2444bdfaea7888d241b4c4bb6a78bf"},
    {file = "numpy-2.2.1-cp310-cp310-musllinux_1_2_aarch64.whl", hash = "sha256:059e6a747ae84fce488c3ee397cee7e5f905fd1bda5fb18c66bc41807ff119b2"},
    {file = "numpy-2.2.1-cp310-cp310-musllinux_1_2_x86_64.whl", hash = "sha256:f62aa6ee4eb43b024b0e5a01cf65a0bb078ef8c395e8713c6e8a12a697144528"},
    {file = "numpy-2.2.1-cp310-cp310-win32.whl", hash = "sha256:48fd472630715e1c1c89bf1feab55c29098cb403cc184b4859f9c86d4fcb6a95"},
    {file = "numpy-2.2.1-cp310-cp310-win_amd64.whl", hash = "sha256:b541032178a718c165a49638d28272b771053f628382d5e9d1c93df23ff58dbf"},
    {file = "numpy-2.2.1-cp311-cp311-macosx_10_9_x86_64.whl", hash = "sha256:40f9e544c1c56ba8f1cf7686a8c9b5bb249e665d40d626a23899ba6d5d9e1484"},
    {file = "numpy-2.2.1-cp311-cp311-macosx_11_0_arm64.whl", hash = "sha256:f9b57eaa3b0cd8db52049ed0330747b0364e899e8a606a624813452b8203d5f7"},
    {file = "numpy-2.2.1-cp311-cp311-macosx_14_0_arm64.whl", hash = "sha256:bc8a37ad5b22c08e2dbd27df2b3ef7e5c0864235805b1e718a235bcb200cf1cb"},
    {file = "numpy-2.2.1-cp311-cp311-macosx_14_0_x86_64.whl", hash = "sha256:9036d6365d13b6cbe8f27a0eaf73ddcc070cae584e5ff94bb45e3e9d729feab5"},
    {file = "numpy-2.2.1-cp311-cp311-manylinux_2_17_aarch64.manylinux2014_aarch64.whl", hash = "sha256:51faf345324db860b515d3f364eaa93d0e0551a88d6218a7d61286554d190d73"},
    {file = "numpy-2.2.1-cp311-cp311-manylinux_2_17_x86_64.manylinux2014_x86_64.whl", hash = "sha256:38efc1e56b73cc9b182fe55e56e63b044dd26a72128fd2fbd502f75555d92591"},
    {file = "numpy-2.2.1-cp311-cp311-musllinux_1_2_aarch64.whl", hash = "sha256:31b89fa67a8042e96715c68e071a1200c4e172f93b0fbe01a14c0ff3ff820fc8"},
    {file = "numpy-2.2.1-cp311-cp311-musllinux_1_2_x86_64.whl", hash = "sha256:4c86e2a209199ead7ee0af65e1d9992d1dce7e1f63c4b9a616500f93820658d0"},
    {file = "numpy-2.2.1-cp311-cp311-win32.whl", hash = "sha256:b34d87e8a3090ea626003f87f9392b3929a7bbf4104a05b6667348b6bd4bf1cd"},
    {file = "numpy-2.2.1-cp311-cp311-win_amd64.whl", hash = "sha256:360137f8fb1b753c5cde3ac388597ad680eccbbbb3865ab65efea062c4a1fd16"},
    {file = "numpy-2.2.1-cp312-cp312-macosx_10_13_x86_64.whl", hash = "sha256:694f9e921a0c8f252980e85bce61ebbd07ed2b7d4fa72d0e4246f2f8aa6642ab"},
    {file = "numpy-2.2.1-cp312-cp312-macosx_11_0_arm64.whl", hash = "sha256:3683a8d166f2692664262fd4900f207791d005fb088d7fdb973cc8d663626faa"},
    {file = "numpy-2.2.1-cp312-cp312-macosx_14_0_arm64.whl", hash = "sha256:780077d95eafc2ccc3ced969db22377b3864e5b9a0ea5eb347cc93b3ea900315"},
    {file = "numpy-2.2.1-cp312-cp312-macosx_14_0_x86_64.whl", hash = "sha256:55ba24ebe208344aa7a00e4482f65742969a039c2acfcb910bc6fcd776eb4355"},
    {file = "numpy-2.2.1-cp312-cp312-manylinux_2_17_aarch64.manylinux2014_aarch64.whl", hash = "sha256:9b1d07b53b78bf84a96898c1bc139ad7f10fda7423f5fd158fd0f47ec5e01ac7"},
    {file = "numpy-2.2.1-cp312-cp312-manylinux_2_17_x86_64.manylinux2014_x86_64.whl", hash = "sha256:5062dc1a4e32a10dc2b8b13cedd58988261416e811c1dc4dbdea4f57eea61b0d"},
    {file = "numpy-2.2.1-cp312-cp312-musllinux_1_2_aarch64.whl", hash = "sha256:fce4f615f8ca31b2e61aa0eb5865a21e14f5629515c9151850aa936c02a1ee51"},
    {file = "numpy-2.2.1-cp312-cp312-musllinux_1_2_x86_64.whl", hash = "sha256:67d4cda6fa6ffa073b08c8372aa5fa767ceb10c9a0587c707505a6d426f4e046"},
    {file = "numpy-2.2.1-cp312-cp312-win32.whl", hash = "sha256:32cb94448be47c500d2c7a95f93e2f21a01f1fd05dd2beea1ccd049bb6001cd2"},
    {file = "numpy-2.2.1-cp312-cp312-win_amd64.whl", hash = "sha256:ba5511d8f31c033a5fcbda22dd5c813630af98c70b2661f2d2c654ae3cdfcfc8"},
    {file = "numpy-2.2.1-cp313-cp313-macosx_10_13_x86_64.whl", hash = "sha256:f1d09e520217618e76396377c81fba6f290d5f926f50c35f3a5f72b01a0da780"},
    {file = "numpy-2.2.1-cp313-cp313-macosx_11_0_arm64.whl", hash = "sha256:3ecc47cd7f6ea0336042be87d9e7da378e5c7e9b3c8ad0f7c966f714fc10d821"},
    {file = "numpy-2.2.1-cp313-cp313-macosx_14_0_arm64.whl", hash = "sha256:f419290bc8968a46c4933158c91a0012b7a99bb2e465d5ef5293879742f8797e"},
    {file = "numpy-2.2.1-cp313-cp313-macosx_14_0_x86_64.whl", hash = "sha256:5b6c390bfaef8c45a260554888966618328d30e72173697e5cabe6b285fb2348"},
    {file = "numpy-2.2.1-cp313-cp313-manylinux_2_17_aarch64.manylinux2014_aarch64.whl", hash = "sha256:526fc406ab991a340744aad7e25251dd47a6720a685fa3331e5c59fef5282a59"},
    {file = "numpy-2.2.1-cp313-cp313-manylinux_2_17_x86_64.manylinux2014_x86_64.whl", hash = "sha256:f74e6fdeb9a265624ec3a3918430205dff1df7e95a230779746a6af78bc615af"},
    {file = "numpy-2.2.1-cp313-cp313-musllinux_1_2_aarch64.whl", hash = "sha256:53c09385ff0b72ba79d8715683c1168c12e0b6e84fb0372e97553d1ea91efe51"},
    {file = "numpy-2.2.1-cp313-cp313-musllinux_1_2_x86_64.whl", hash = "sha256:f3eac17d9ec51be534685ba877b6ab5edc3ab7ec95c8f163e5d7b39859524716"},
    {file = "numpy-2.2.1-cp313-cp313-win32.whl", hash = "sha256:9ad014faa93dbb52c80d8f4d3dcf855865c876c9660cb9bd7553843dd03a4b1e"},
    {file = "numpy-2.2.1-cp313-cp313-win_amd64.whl", hash = "sha256:164a829b6aacf79ca47ba4814b130c4020b202522a93d7bff2202bfb33b61c60"},
    {file = "numpy-2.2.1-cp313-cp313t-macosx_10_13_x86_64.whl", hash = "sha256:4dfda918a13cc4f81e9118dea249e192ab167a0bb1966272d5503e39234d694e"},
    {file = "numpy-2.2.1-cp313-cp313t-macosx_11_0_arm64.whl", hash = "sha256:733585f9f4b62e9b3528dd1070ec4f52b8acf64215b60a845fa13ebd73cd0712"},
    {file = "numpy-2.2.1-cp313-cp313t-macosx_14_0_arm64.whl", hash = "sha256:89b16a18e7bba224ce5114db863e7029803c179979e1af6ad6a6b11f70545008"},
    {file = "numpy-2.2.1-cp313-cp313t-macosx_14_0_x86_64.whl", hash = "sha256:676f4eebf6b2d430300f1f4f4c2461685f8269f94c89698d832cdf9277f30b84"},
    {file = "numpy-2.2.1-cp313-cp313t-manylinux_2_17_aarch64.manylinux2014_aarch64.whl", hash = "sha256:27f5cdf9f493b35f7e41e8368e7d7b4bbafaf9660cba53fb21d2cd174ec09631"},
    {file = "numpy-2.2.1-cp313-cp313t-manylinux_2_17_x86_64.manylinux2014_x86_64.whl", hash = "sha256:c1ad395cf254c4fbb5b2132fee391f361a6e8c1adbd28f2cd8e79308a615fe9d"},
    {file = "numpy-2.2.1-cp313-cp313t-musllinux_1_2_aarch64.whl", hash = "sha256:08ef779aed40dbc52729d6ffe7dd51df85796a702afbf68a4f4e41fafdc8bda5"},
    {file = "numpy-2.2.1-cp313-cp313t-musllinux_1_2_x86_64.whl", hash = "sha256:26c9c4382b19fcfbbed3238a14abf7ff223890ea1936b8890f058e7ba35e8d71"},
    {file = "numpy-2.2.1-cp313-cp313t-win32.whl", hash = "sha256:93cf4e045bae74c90ca833cba583c14b62cb4ba2cba0abd2b141ab52548247e2"},
    {file = "numpy-2.2.1-cp313-cp313t-win_amd64.whl", hash = "sha256:bff7d8ec20f5f42607599f9994770fa65d76edca264a87b5e4ea5629bce12268"},
    {file = "numpy-2.2.1-pp310-pypy310_pp73-macosx_10_15_x86_64.whl", hash = "sha256:7ba9cc93a91d86365a5d270dee221fdc04fb68d7478e6bf6af650de78a8339e3"},
    {file = "numpy-2.2.1-pp310-pypy310_pp73-macosx_14_0_x86_64.whl", hash = "sha256:3d03883435a19794e41f147612a77a8f56d4e52822337844fff3d4040a142964"},
    {file = "numpy-2.2.1-pp310-pypy310_pp73-manylinux_2_17_x86_64.manylinux2014_x86_64.whl", hash = "sha256:4511d9e6071452b944207c8ce46ad2f897307910b402ea5fa975da32e0102800"},
    {file = "numpy-2.2.1-pp310-pypy310_pp73-win_amd64.whl", hash = "sha256:5c5cc0cbabe9452038ed984d05ac87910f89370b9242371bd9079cb4af61811e"},
    {file = "numpy-2.2.1.tar.gz", hash = "sha256:45681fd7128c8ad1c379f0ca0776a8b0c6583d2f69889ddac01559dfe4390918"},
]

[[package]]
name = "opencv-python"
version = "4.10.0.84"
description = "Wrapper package for OpenCV python bindings."
optional = false
python-versions = ">=3.6"
groups = ["main"]
files = [
    {file = "opencv-python-4.10.0.84.tar.gz", hash = "sha256:72d234e4582e9658ffea8e9cae5b63d488ad06994ef12d81dc303b17472f3526"},
    {file = "opencv_python-4.10.0.84-cp37-abi3-macosx_11_0_arm64.whl", hash = "sha256:fc182f8f4cda51b45f01c64e4cbedfc2f00aff799debebc305d8d0210c43f251"},
    {file = "opencv_python-4.10.0.84-cp37-abi3-macosx_12_0_x86_64.whl", hash = "sha256:71e575744f1d23f79741450254660442785f45a0797212852ee5199ef12eed98"},
    {file = "opencv_python-4.10.0.84-cp37-abi3-manylinux_2_17_aarch64.manylinux2014_aarch64.whl", hash = "sha256:09a332b50488e2dda866a6c5573ee192fe3583239fb26ff2f7f9ceb0bc119ea6"},
    {file = "opencv_python-4.10.0.84-cp37-abi3-manylinux_2_17_x86_64.manylinux2014_x86_64.whl", hash = "sha256:9ace140fc6d647fbe1c692bcb2abce768973491222c067c131d80957c595b71f"},
    {file = "opencv_python-4.10.0.84-cp37-abi3-win32.whl", hash = "sha256:2db02bb7e50b703f0a2d50c50ced72e95c574e1e5a0bb35a8a86d0b35c98c236"},
    {file = "opencv_python-4.10.0.84-cp37-abi3-win_amd64.whl", hash = "sha256:32dbbd94c26f611dc5cc6979e6b7aa1f55a64d6b463cc1dcd3c95505a63e48fe"},
]

[package.dependencies]
numpy = [
    {version = ">=1.26.0", markers = "python_version >= \"3.12\""},
    {version = ">=1.23.5", markers = "python_version >= \"3.11\" and python_version < \"3.12\""},
    {version = ">=1.21.4", markers = "python_version >= \"3.10\" and platform_system == \"Darwin\" and python_version < \"3.11\""},
    {version = ">=1.21.2", markers = "platform_system != \"Darwin\" and python_version >= \"3.10\" and python_version < \"3.11\""},
]

[[package]]
name = "protobuf"
version = "5.29.3"
description = ""
optional = false
python-versions = ">=3.8"
groups = ["main"]
files = [
    {file = "protobuf-5.29.3-cp310-abi3-win32.whl", hash = "sha256:3ea51771449e1035f26069c4c7fd51fba990d07bc55ba80701c78f886bf9c888"},
    {file = "protobuf-5.29.3-cp310-abi3-win_amd64.whl", hash = "sha256:a4fa6f80816a9a0678429e84973f2f98cbc218cca434abe8db2ad0bffc98503a"},
    {file = "protobuf-5.29.3-cp38-abi3-macosx_10_9_universal2.whl", hash = "sha256:a8434404bbf139aa9e1300dbf989667a83d42ddda9153d8ab76e0d5dcaca484e"},
    {file = "protobuf-5.29.3-cp38-abi3-manylinux2014_aarch64.whl", hash = "sha256:daaf63f70f25e8689c072cfad4334ca0ac1d1e05a92fc15c54eb9cf23c3efd84"},
    {file = "protobuf-5.29.3-cp38-abi3-manylinux2014_x86_64.whl", hash = "sha256:c027e08a08be10b67c06bf2370b99c811c466398c357e615ca88c91c07f0910f"},
    {file = "protobuf-5.29.3-cp38-cp38-win32.whl", hash = "sha256:84a57163a0ccef3f96e4b6a20516cedcf5bb3a95a657131c5c3ac62200d23252"},
    {file = "protobuf-5.29.3-cp38-cp38-win_amd64.whl", hash = "sha256:b89c115d877892a512f79a8114564fb435943b59067615894c3b13cd3e1fa107"},
    {file = "protobuf-5.29.3-cp39-cp39-win32.whl", hash = "sha256:0eb32bfa5219fc8d4111803e9a690658aa2e6366384fd0851064b963b6d1f2a7"},
    {file = "protobuf-5.29.3-cp39-cp39-win_amd64.whl", hash = "sha256:6ce8cc3389a20693bfde6c6562e03474c40851b44975c9b2bf6df7d8c4f864da"},
    {file = "protobuf-5.29.3-py3-none-any.whl", hash = "sha256:0a18ed4a24198528f2333802eb075e59dea9d679ab7a6c5efb017a59004d849f"},
    {file = "protobuf-5.29.3.tar.gz", hash = "sha256:5da0f41edaf117bde316404bad1a486cb4ededf8e4a54891296f648e8e076620"},
]

[[package]]
name = "setuptools"
version = "75.8.0"
description = "Easily download, build, install, upgrade, and uninstall Python packages"
optional = false
python-versions = ">=3.9"
groups = ["main"]
files = [
    {file = "setuptools-75.8.0-py3-none-any.whl", hash = "sha256:e3982f444617239225d675215d51f6ba05f845d4eec313da4418fdbb56fb27e3"},
    {file = "setuptools-75.8.0.tar.gz", hash = "sha256:c5afc8f407c626b8313a86e10311dd3f661c6cd9c09d4bf8c15c0e11f9f2b0e6"},
]

[package.extras]
check = ["pytest-checkdocs (>=2.4)", "pytest-ruff (>=0.2.1)", "ruff (>=0.8.0)"]
core = ["importlib_metadata (>=6)", "jaraco.collections", "jaraco.functools (>=4)", "jaraco.text (>=3.7)", "more_itertools", "more_itertools (>=8.8)", "packaging", "packaging (>=24.2)", "platformdirs (>=4.2.2)", "tomli (>=2.0.1)", "wheel (>=0.43.0)"]
cover = ["pytest-cov"]
doc = ["furo", "jaraco.packaging (>=9.3)", "jaraco.tidelift (>=1.4)", "pygments-github-lexers (==0.0.5)", "pyproject-hooks (!=1.1)", "rst.linker (>=1.9)", "sphinx (>=3.5)", "sphinx-favicon", "sphinx-inline-tabs", "sphinx-lint", "sphinx-notfound-page (>=1,<2)", "sphinx-reredirects", "sphinxcontrib-towncrier", "towncrier (<24.7)"]
enabler = ["pytest-enabler (>=2.2)"]
test = ["build[virtualenv] (>=1.0.3)", "filelock (>=3.4.0)", "ini2toml[lite] (>=0.14)", "jaraco.develop (>=7.21)", "jaraco.envs (>=2.2)", "jaraco.path (>=3.7.2)", "jaraco.test (>=5.5)", "packaging (>=24.2)", "pip (>=19.1)", "pyproject-hooks (!=1.1)", "pytest (>=6,!=8.1.*)", "pytest-home (>=0.5)", "pytest-perf", "pytest-subprocess", "pytest-timeout", "pytest-xdist (>=3)", "tomli-w (>=1.0.0)", "virtualenv (>=13.0.0)", "wheel (>=0.44.0)"]
type = ["importlib_metadata (>=7.0.2)", "jaraco.develop (>=7.21)", "mypy (==1.14.*)", "pytest-mypy"]

[metadata]
lock-version = "2.1"
python-versions = "^3.10"
content-hash = "7118737b0145ceadcb9f07e8340bf1a2580f45d8257ba4d501a208f42be6911d"
